
Microsoft Visual Studio Solution File, Format Version 12.00
# Visual Studio 2012
Project("{FAE04EC0-301F-11D3-BF4B-00C04F79EFBC}") = "LogFlow", "source\LogFlow\LogFlow.csproj", "{06DA5254-E98F-42D7-8F1E-7DEEF83E99DB}"
EndProject
Project("{FAE04EC0-301F-11D3-BF4B-00C04F79EFBC}") = "LogFlow.Specifications", "source\LogFlow.Specifications\LogFlow.Specifications.csproj", "{0942E70B-0545-4515-9031-FE2CFC8E66DF}"
EndProject
Project("{2150E333-8FDC-42A3-9474-1A3956D46DE8}") = ".nuget", ".nuget", "{EB3DDDA4-8E1B-42F1-A884-8B1B2E0BC764}"
	ProjectSection(SolutionItems) = preProject
		.nuget\NuGet.Config = .nuget\NuGet.Config
		.nuget\NuGet.exe = .nuget\NuGet.exe
		.nuget\NuGet.targets = .nuget\NuGet.targets
	EndProjectSection
EndProject
Global
	GlobalSection(SolutionConfigurationPlatforms) = preSolution
		Debug|Any CPU = Debug|Any CPU
		Release|Any CPU = Release|Any CPU
	EndGlobalSection
	GlobalSection(ProjectConfigurationPlatforms) = postSolution
		{06DA5254-E98F-42D7-8F1E-7DEEF83E99DB}.Debug|Any CPU.ActiveCfg = Debug|Any CPU
		{06DA5254-E98F-42D7-8F1E-7DEEF83E99DB}.Debug|Any CPU.Build.0 = Debug|Any CPU
		{06DA5254-E98F-42D7-8F1E-7DEEF83E99DB}.Release|Any CPU.ActiveCfg = Release|Any CPU
		{06DA5254-E98F-42D7-8F1E-7DEEF83E99DB}.Release|Any CPU.Build.0 = Release|Any CPU
		{0942E70B-0545-4515-9031-FE2CFC8E66DF}.Debug|Any CPU.ActiveCfg = Debug|Any CPU
		{0942E70B-0545-4515-9031-FE2CFC8E66DF}.Debug|Any CPU.Build.0 = Debug|Any CPU
		{0942E70B-0545-4515-9031-FE2CFC8E66DF}.Release|Any CPU.ActiveCfg = Release|Any CPU
		{0942E70B-0545-4515-9031-FE2CFC8E66DF}.Release|Any CPU.Build.0 = Release|Any CPU
	EndGlobalSection
	GlobalSection(SolutionProperties) = preSolution
		HideSolutionNode = FALSE
	EndGlobalSection
EndGlobal
